
Microsoft Visual Studio Solution File, Format Version 12.00
# Visual Studio Version 16
VisualStudioVersion = 16.0.30002.166
MinimumVisualStudioVersion = 10.0.40219.1
Project("{FAE04EC0-301F-11D3-BF4B-00C04F79EFBC}") = "BlogApp", "BlogApp\BlogApp.csproj", "{F931D6D7-33AA-49A0-9838-CFF02B8092BC}"
EndProject
Global
	GlobalSection(SolutionConfigurationPlatforms) = preSolution
		Debug|Any CPU = Debug|Any CPU
		Release|Any CPU = Release|Any CPU
	EndGlobalSection
	GlobalSection(ProjectConfigurationPlatforms) = postSolution
		{F931D6D7-33AA-49A0-9838-CFF02B8092BC}.Debug|Any CPU.ActiveCfg = Debug|Any CPU
		{F931D6D7-33AA-49A0-9838-CFF02B8092BC}.Debug|Any CPU.Build.0 = Debug|Any CPU
		{F931D6D7-33AA-49A0-9838-CFF02B8092BC}.Release|Any CPU.ActiveCfg = Release|Any CPU
		{F931D6D7-33AA-49A0-9838-CFF02B8092BC}.Release|Any CPU.Build.0 = Release|Any CPU
	EndGlobalSection
	GlobalSection(SolutionProperties) = preSolution
		HideSolutionNode = FALSE
	EndGlobalSection
	GlobalSection(ExtensibilityGlobals) = postSolution
		SolutionGuid = {AA1D4A67-233D-4CCC-B7C1-3E2E9BADFC24}
	EndGlobalSection
EndGlobal
